{
  "version": 4,
  "terraform_version": "1.4.6",
  "serial": 27,
  "lineage": "78e2fdd7-10f0-6ef3-d278-781ecccd5774",
  "outputs": {},
  "resources": [
    {
      "mode": "managed",
      "type": "google_artifact_registry_repository",
      "name": "decoupled_artifact_registry",
      "provider": "provider[\"registry.terraform.io/hashicorp/google\"]",
      "instances": [
        {
          "schema_version": 0,
          "attributes": {
            "create_time": "2023-06-19T09:59:43.746419Z",
            "description": "Docker Repository",
            "docker_config": [],
            "format": "DOCKER",
            "id": "projects/parallel-dynamic-runtime-tf/locations/us-central1/repositories/artifact-registry",
            "kms_key_name": "",
            "labels": {},
            "location": "us-central1",
            "maven_config": [],
            "mode": "STANDARD_REPOSITORY",
            "name": "artifact-registry",
            "project": "parallel-dynamic-runtime-tf",
            "remote_repository_config": [],
            "repository_id": "artifact-registry",
            "timeouts": null,
            "update_time": "2023-06-19T09:59:43.746419Z",
            "virtual_repository_config": []
          },
          "sensitive_attributes": [],
          "private": "eyJlMmJmYjczMC1lY2FhLTExZTYtOGY4OC0zNDM2M2JjN2M0YzAiOnsiY3JlYXRlIjoxMjAwMDAwMDAwMDAwLCJkZWxldGUiOjEyMDAwMDAwMDAwMDAsInVwZGF0ZSI6MTIwMDAwMDAwMDAwMH19"
        }
      ]
    },
    {
      "mode": "managed",
      "type": "google_project_iam_member",
      "name": "project-iam-bindings",
      "provider": "provider[\"registry.terraform.io/hashicorp/google\"]",
      "instances": [
        {
          "schema_version": 0,
          "attributes": {
            "condition": [],
            "etag": "BwX+eJigeVg=",
            "id": "parallel-dynamic-runtime-tf/roles/artifactregistry.reader/serviceAccount:service-65387043013@serverless-robot-prod.iam.gserviceaccount.com",
            "member": "serviceAccount:service-65387043013@serverless-robot-prod.iam.gserviceaccount.com",
            "project": "parallel-dynamic-runtime-tf",
            "role": "roles/artifactregistry.reader"
          },
          "sensitive_attributes": [],
          "private": "bnVsbA=="
        }
      ]
    },
    {
      "mode": "managed",
      "type": "google_service_account_iam_member",
      "name": "iam-service-user",
      "provider": "provider[\"registry.terraform.io/hashicorp/google\"]",
      "instances": [
        {
          "schema_version": 0,
          "attributes": {
            "condition": [],
            "etag": "BwX+eJj/jTA=",
            "id": "projects/parallel-dynamic-runtime-tf/serviceAccounts/rpc-cloud-build@parallel-dynamic-runtime-tf.iam.gserviceaccount.com/roles/iam.serviceAccountUser/serviceAccount:rpc-cloud-build@parallel-dynamic-runtime-tf.iam.gserviceaccount.com",
            "member": "serviceAccount:rpc-cloud-build@parallel-dynamic-runtime-tf.iam.gserviceaccount.com",
            "role": "roles/iam.serviceAccountUser",
            "service_account_id": "projects/parallel-dynamic-runtime-tf/serviceAccounts/rpc-cloud-build@parallel-dynamic-runtime-tf.iam.gserviceaccount.com"
          },
          "sensitive_attributes": [],
          "private": "bnVsbA==",
          "dependencies": [
            "module.gsa-service.google_billing_account_iam_member.billing_user",
            "module.gsa-service.google_organization_iam_member.billing_user",
            "module.gsa-service.google_organization_iam_member.organization_viewer",
            "module.gsa-service.google_organization_iam_member.xpn_admin",
            "module.gsa-service.google_project_iam_member.project-roles",
            "module.gsa-service.google_service_account.service_accounts",
            "module.gsa-service.google_service_account_key.keys"
          ]
        }
      ]
    },
    {
      "module": "module.cloud-run-service",
      "mode": "managed",
      "type": "google_cloud_run_service",
      "name": "main",
      "provider": "provider[\"registry.terraform.io/hashicorp/google-beta\"]",
      "instances": [
        {
          "schema_version": 1,
          "attributes": {
            "autogenerate_revision_name": true,
            "id": "locations/us-central1/namespaces/parallel-dynamic-runtime-tf/services/rpc-cloud-build",
            "location": "us-central1",
            "metadata": [
              {
                "annotations": {
                  "client.knative.dev/user-image": "us-central1-docker.pkg.dev/parallel-dynamic-runtime-tf/artifact-registry/rpc-cloud-build",
                  "run.googleapis.com/client-name": "gcloud",
                  "run.googleapis.com/client-version": "413.0.0",
                  "run.googleapis.com/ingress": "all",
                  "run.googleapis.com/ingress-status": "all",
                  "run.googleapis.com/operation-id": "6fed9390-f8e9-4c42-ba5f-87fcecb518d6",
                  "serving.knative.dev/creator": "chaitanya.maili@pantheon.io",
                  "serving.knative.dev/lastModifier": "chaitanya.maili@pantheon.io"
                },
                "generation": 13,
                "labels": {
                  "cloud.googleapis.com/location": "us-central1"
                },
                "namespace": "parallel-dynamic-runtime-tf",
                "resource_version": "AAX+fWI83VI",
                "self_link": "/apis/serving.knative.dev/v1/namespaces/65387043013/services/rpc-cloud-build",
                "uid": "a704a522-d88b-42f5-8b15-5aa1a2449e00"
              }
            ],
            "name": "rpc-cloud-build",
            "project": "parallel-dynamic-runtime-tf",
            "status": [
              {
                "conditions": [
                  {
                    "message": "",
                    "reason": "",
                    "status": "True",
                    "type": "Ready"
                  },
                  {
                    "message": "",
                    "reason": "",
                    "status": "True",
                    "type": "ConfigurationsReady"
                  },
                  {
                    "message": "",
                    "reason": "",
                    "status": "True",
                    "type": "RoutesReady"
                  }
                ],
                "latest_created_revision_name": "rpc-cloud-build-00010-ttc",
                "latest_ready_revision_name": "rpc-cloud-build-00010-ttc",
                "observed_generation": 13,
                "url": "https://rpc-cloud-build-e63i2kwcra-uc.a.run.app"
              }
            ],
            "template": [
              {
                "metadata": [
                  {
                    "annotations": {
                      "autoscaling.knative.dev/maxScale": "2",
                      "autoscaling.knative.dev/minScale": "1",
                      "client.knative.dev/user-image": "us-central1-docker.pkg.dev/parallel-dynamic-runtime-tf/artifact-registry/rpc-cloud-build",
                      "generated-by": "terraform",
                      "run.googleapis.com/client-name": "gcloud",
                      "run.googleapis.com/client-version": "413.0.0"
                    },
                    "generation": 0,
                    "labels": {
                      "run.googleapis.com/startupProbeType": "Default"
                    },
                    "name": "",
                    "namespace": "",
                    "resource_version": "",
                    "self_link": "",
                    "uid": ""
                  }
                ],
                "spec": [
                  {
                    "container_concurrency": 80,
                    "containers": [
                      {
                        "args": [],
                        "command": [],
                        "env": [
                          {
                            "name": "RCB_HOST",
                            "value": "0.0.0.0",
                            "value_from": []
                          },
                          {
                            "name": "RCB_PORT",
                            "value": "8080",
                            "value_from": []
                          },
                          {
                            "name": "RCB_SERVICE_IDENTITY",
                            "value": "rpc-cloud-build@parallel-dynamic-runtime-tf.iam.gserviceaccount.com",
                            "value_from": []
                          },
                          {
                            "name": "RCB_SERVICE_NAME",
                            "value": "rpc-cloud-build",
                            "value_from": []
                          },
                          {
                            "name": "RCB_SERVICE_PROJECTID",
                            "value": "parallel-dynamic-runtime-tf",
                            "value_from": []
                          },
                          {
                            "name": "RCB_SERVICE_REGION",
                            "value": "us-central1",
                            "value_from": []
                          }
                        ],
                        "env_from": [],
                        "image": "us-central1-docker.pkg.dev/parallel-dynamic-runtime-tf/artifact-registry/rpc-cloud-build:latest",
                        "liveness_probe": [],
                        "name": "",
                        "ports": [
                          {
                            "container_port": 8080,
                            "name": "http1",
                            "protocol": ""
                          }
                        ],
                        "resources": [
                          {
                            "limits": {
                              "cpu": "1000m",
                              "memory": "512Mi"
                            },
                            "requests": {}
                          }
                        ],
                        "startup_probe": [
                          {
                            "failure_threshold": 1,
                            "grpc": [],
                            "http_get": [],
                            "initial_delay_seconds": 0,
                            "period_seconds": 240,
                            "tcp_socket": [
                              {
                                "port": 8080
                              }
                            ],
                            "timeout_seconds": 240
                          }
                        ],
                        "volume_mounts": [],
                        "working_dir": ""
                      }
                    ],
                    "service_account_name": "rpc-cloud-build@parallel-dynamic-runtime-tf.iam.gserviceaccount.com",
                    "serving_state": "",
                    "timeout_seconds": 120,
                    "volumes": []
                  }
                ]
              }
            ],
            "timeouts": null,
            "traffic": [
              {
                "latest_revision": true,
                "percent": 100,
                "revision_name": "",
                "tag": "",
                "url": ""
              }
            ]
          },
          "sensitive_attributes": [],
          "private": "eyJlMmJmYjczMC1lY2FhLTExZTYtOGY4OC0zNDM2M2JjN2M0YzAiOnsiY3JlYXRlIjoxMjAwMDAwMDAwMDAwLCJkZWxldGUiOjEyMDAwMDAwMDAwMDAsInVwZGF0ZSI6MTIwMDAwMDAwMDAwMH0sInNjaGVtYV92ZXJzaW9uIjoiMSJ9",
          "dependencies": [
            "module.gsa-service.google_service_account.service_accounts"
          ]
        }
      ]
    },
    {
      "module": "module.cloud-run-service",
      "mode": "managed",
      "type": "google_cloud_run_service_iam_member",
      "name": "authorize",
      "provider": "provider[\"registry.terraform.io/hashicorp/google\"]",
      "instances": [
        {
          "index_key": 0,
          "schema_version": 0,
          "attributes": {
            "condition": [],
            "etag": "BwX+fFibXhs=",
            "id": "v1/projects/parallel-dynamic-runtime-tf/locations/us-central1/services/rpc-cloud-build/roles/run.invoker/serviceAccount:rpc-cloud-build@parallel-dynamic-runtime-tf.iam.gserviceaccount.com",
            "location": "us-central1",
            "member": "serviceAccount:rpc-cloud-build@parallel-dynamic-runtime-tf.iam.gserviceaccount.com",
            "project": "parallel-dynamic-runtime-tf",
            "role": "roles/run.invoker",
            "service": "v1/projects/parallel-dynamic-runtime-tf/locations/us-central1/services/rpc-cloud-build"
          },
          "sensitive_attributes": [],
          "private": "bnVsbA==",
          "dependencies": [
            "module.cloud-run-service.google_cloud_run_service.main",
            "module.gsa-service.google_service_account.service_accounts"
          ]
        }
      ]
    },
    {
      "module": "module.gsa-service",
      "mode": "managed",
      "type": "google_project_iam_member",
      "name": "project-roles",
      "provider": "provider[\"registry.terraform.io/hashicorp/google\"]",
      "instances": [
        {
          "index_key": "rpc-cloud-build-parallel-dynamic-runtime-tf=\u003eroles/cloudbuild.builds.builder",
          "schema_version": 0,
          "attributes": {
            "condition": [],
            "etag": "BwX+eJigeVg=",
            "id": "parallel-dynamic-runtime-tf/roles/cloudbuild.builds.builder/serviceAccount:rpc-cloud-build@parallel-dynamic-runtime-tf.iam.gserviceaccount.com",
            "member": "serviceAccount:rpc-cloud-build@parallel-dynamic-runtime-tf.iam.gserviceaccount.com",
            "project": "parallel-dynamic-runtime-tf",
            "role": "roles/cloudbuild.builds.builder"
          },
          "sensitive_attributes": [],
          "private": "bnVsbA==",
          "dependencies": [
            "module.gsa-service.google_service_account.service_accounts"
          ]
        }
      ]
    },
    {
      "module": "module.gsa-service",
      "mode": "managed",
      "type": "google_service_account",
      "name": "service_accounts",
      "provider": "provider[\"registry.terraform.io/hashicorp/google\"]",
      "instances": [
        {
          "index_key": "rpc-cloud-build",
          "schema_version": 0,
          "attributes": {
            "account_id": "rpc-cloud-build",
            "description": "Service identity for rpc-cloud-build Cloud Run instance",
            "disabled": false,
            "display_name": "rpc-cloud-build identity",
            "email": "rpc-cloud-build@parallel-dynamic-runtime-tf.iam.gserviceaccount.com",
            "id": "projects/parallel-dynamic-runtime-tf/serviceAccounts/rpc-cloud-build@parallel-dynamic-runtime-tf.iam.gserviceaccount.com",
            "member": "serviceAccount:rpc-cloud-build@parallel-dynamic-runtime-tf.iam.gserviceaccount.com",
            "name": "projects/parallel-dynamic-runtime-tf/serviceAccounts/rpc-cloud-build@parallel-dynamic-runtime-tf.iam.gserviceaccount.com",
            "project": "parallel-dynamic-runtime-tf",
            "timeouts": null,
            "unique_id": "108643004994800933279"
          },
          "sensitive_attributes": [],
          "private": "eyJlMmJmYjczMC1lY2FhLTExZTYtOGY4OC0zNDM2M2JjN2M0YzAiOnsiY3JlYXRlIjozMDAwMDAwMDAwMDB9fQ=="
        }
      ]
    }
  ],
  "check_results": null
}
